
Microsoft Visual Studio Solution File, Format Version 10.00
# Visual C# Express 2008
Project("{FAE04EC0-301F-11D3-BF4B-00C04F79EFBC}") = "TsRemux", "TsRemux.csproj", "{EF86E7AE-701D-41BC-A630-F272A13FF1A7}"
EndProject
Global
	GlobalSection(SolutionConfigurationPlatforms) = preSolution
		Debug|Any CPU = Debug|Any CPU
		Release|Any CPU = Release|Any CPU
	EndGlobalSection
	GlobalSection(ProjectConfigurationPlatforms) = postSolution
		{EF86E7AE-701D-41BC-A630-F272A13FF1A7}.Debug|Any CPU.ActiveCfg = Debug|Any CPU
		{EF86E7AE-701D-41BC-A630-F272A13FF1A7}.Debug|Any CPU.Build.0 = Debug|Any CPU
		{EF86E7AE-701D-41BC-A630-F272A13FF1A7}.Release|Any CPU.ActiveCfg = Release|Any CPU
		{EF86E7AE-701D-41BC-A630-F272A13FF1A7}.Release|Any CPU.Build.0 = Release|Any CPU
	EndGlobalSection
	GlobalSection(SolutionProperties) = preSolution
		HideSolutionNode = FALSE
	EndGlobalSection
EndGlobal
